
Microsoft Visual Studio Solution File, Format Version 12.00
# Visual Studio Version 17
VisualStudioVersion = 17.8.34309.116
MinimumVisualStudioVersion = 10.0.40219.1
Project("{9A19103F-16F7-4668-BE54-9A1E7A4F7556}") = "prueba_tecnica", "prueba_tecnica\prueba_tecnica.csproj", "{CD49F3A6-2EC5-4C9D-A5BE-97A3DD84474F}"
EndProject
Global
	GlobalSection(SolutionConfigurationPlatforms) = preSolution
		Debug|Any CPU = Debug|Any CPU
		Release|Any CPU = Release|Any CPU
	EndGlobalSection
	GlobalSection(ProjectConfigurationPlatforms) = postSolution
		{CD49F3A6-2EC5-4C9D-A5BE-97A3DD84474F}.Debug|Any CPU.ActiveCfg = Debug|Any CPU
		{CD49F3A6-2EC5-4C9D-A5BE-97A3DD84474F}.Debug|Any CPU.Build.0 = Debug|Any CPU
		{CD49F3A6-2EC5-4C9D-A5BE-97A3DD84474F}.Release|Any CPU.ActiveCfg = Release|Any CPU
		{CD49F3A6-2EC5-4C9D-A5BE-97A3DD84474F}.Release|Any CPU.Build.0 = Release|Any CPU
	EndGlobalSection
	GlobalSection(SolutionProperties) = preSolution
		HideSolutionNode = FALSE
	EndGlobalSection
	GlobalSection(ExtensibilityGlobals) = postSolution
		SolutionGuid = {F3091F0B-4107-4F9C-A595-533BC710071F}
	EndGlobalSection
EndGlobal
